// !$*UTF8*$!
{
	archiveVersion = 1;
	classes = {
	};
	objectVersion = 50;
	objects = {

/* Begin PBXBuildFile section */
		291A552003148BA021D32035 /* Pods_FirebaseRealm.framework in Frameworks */ = {isa = PBXBuildFile; fileRef = 34E94A76D65111C983C5B0D3 /* Pods_FirebaseRealm.framework */; };
		EE4FE1B023F5F5F800DD340E /* AppDelegate.swift in Sources */ = {isa = PBXBuildFile; fileRef = EE4FE1AF23F5F5F800DD340E /* AppDelegate.swift */; };
		EE4FE1B223F5F5F800DD340E /* SceneDelegate.swift in Sources */ = {isa = PBXBuildFile; fileRef = EE4FE1B123F5F5F800DD340E /* SceneDelegate.swift */; };
		EE4FE1B423F5F5F800DD340E /* ViewController.swift in Sources */ = {isa = PBXBuildFile; fileRef = EE4FE1B323F5F5F800DD340E /* ViewController.swift */; };
		EE4FE1B723F5F5F800DD340E /* Main.storyboard in Resources */ = {isa = PBXBuildFile; fileRef = EE4FE1B523F5F5F800DD340E /* Main.storyboard */; };
		EE4FE1B923F5F5F900DD340E /* Assets.xcassets in Resources */ = {isa = PBXBuildFile; fileRef = EE4FE1B823F5F5F900DD340E /* Assets.xcassets */; };
		EE4FE1BC23F5F5F900DD340E /* LaunchScreen.storyboard in Resources */ = {isa = PBXBuildFile; fileRef = EE4FE1BA23F5F5F900DD340E /* LaunchScreen.storyboard */; };
/* End PBXBuildFile section */

/* Begin PBXFileReference section */
		2896E4A88D540E7F659546D0 /* Pods-FirebaseRealm.debug.xcconfig */ = {isa = PBXFileReference; includeInIndex = 1; lastKnownFileType = text.xcconfig; name = "Pods-FirebaseRealm.debug.xcconfig"; path = "Target Support Files/Pods-FirebaseRealm/Pods-FirebaseRealm.debug.xcconfig"; sourceTree = "<group>"; };
		34E94A76D65111C983C5B0D3 /* Pods_FirebaseRealm.framework */ = {isa = PBXFileReference; explicitFileType = wrapper.framework; includeInIndex = 0; path = Pods_FirebaseRealm.framework; sourceTree = BUILT_PRODUCTS_DIR; };
		E8561417074E00A3A29F4955 /* Pods-FirebaseRealm.release.xcconfig */ = {isa = PBXFileReference; includeInIndex = 1; lastKnownFileType = text.xcconfig; name = "Pods-FirebaseRealm.release.xcconfig"; path = "Target Support Files/Pods-FirebaseRealm/Pods-FirebaseRealm.release.xcconfig"; sourceTree = "<group>"; };
		EE4FE1AC23F5F5F800DD340E /* FirebaseRealm.app */ = {isa = PBXFileReference; explicitFileType = wrapper.application; includeInIndex = 0; path = FirebaseRealm.app; sourceTree = BUILT_PRODUCTS_DIR; };
		EE4FE1AF23F5F5F800DD340E /* AppDelegate.swift */ = {isa = PBXFileReference; lastKnownFileType = sourcecode.swift; path = AppDelegate.swift; sourceTree = "<group>"; };
		EE4FE1B123F5F5F800DD340E /* SceneDelegate.swift */ = {isa = PBXFileReference; lastKnownFileType = sourcecode.swift; path = SceneDelegate.swift; sourceTree = "<group>"; };
		EE4FE1B323F5F5F800DD340E /* ViewController.swift */ = {isa = PBXFileReference; lastKnownFileType = sourcecode.swift; path = ViewController.swift; sourceTree = "<group>"; };
		EE4FE1B623F5F5F800DD340E /* Base */ = {isa = PBXFileReference; lastKnownFileType = file.storyboard; name = Base; path = Base.lproj/Main.storyboard; sourceTree = "<group>"; };
		EE4FE1B823F5F5F900DD340E /* Assets.xcassets */ = {isa = PBXFileReference; lastKnownFileType = folder.assetcatalog; path = Assets.xcassets; sourceTree = "<group>"; };
		EE4FE1BB23F5F5F900DD340E /* Base */ = {isa = PBXFileReference; lastKnownFileType = file.storyboard; name = Base; path = Base.lproj/LaunchScreen.storyboard; sourceTree = "<group>"; };
		EE4FE1BD23F5F5F900DD340E /* Info.plist */ = {isa = PBXFileReference; lastKnownFileType = text.plist.xml; path = Info.plist; sourceTree = "<group>"; };
/* End PBXFileReference section */

/* Begin PBXFrameworksBuildPhase section */
		EE4FE1A923F5F5F800DD340E /* Frameworks */ = {
			isa = PBXFrameworksBuildPhase;
			buildActionMask = 2147483647;
			files = (
				291A552003148BA021D32035 /* Pods_FirebaseRealm.framework in Frameworks */,
			);
			runOnlyForDeploymentPostprocessing = 0;
		};
/* End PBXFrameworksBuildPhase section */

/* Begin PBXGroup section */
		1AE458E4287691D44094E359 /* Pods */ = {
			isa = PBXGroup;
			children = (
				2896E4A88D540E7F659546D0 /* Pods-FirebaseRealm.debug.xcconfig */,
				E8561417074E00A3A29F4955 /* Pods-FirebaseRealm.release.xcconfig */,
			);
			name = Pods;
			path = Pods;
			sourceTree = "<group>";
		};
		286521C63750D218E03FF4D2 /* Frameworks */ = {
			isa = PBXGroup;
			children = (
				34E94A76D65111C983C5B0D3 /* Pods_FirebaseRealm.framework */,
			);
			name = Frameworks;
			sourceTree = "<group>";
		};
		EE4FE1A323F5F5F800DD340E = {
			isa = PBXGroup;
			children = (
				EE4FE1AE23F5F5F800DD340E /* FirebaseRealm */,
				EE4FE1AD23F5F5F800DD340E /* Products */,
				1AE458E4287691D44094E359 /* Pods */,
				286521C63750D218E03FF4D2 /* Frameworks */,
			);
			sourceTree = "<group>";
		};
		EE4FE1AD23F5F5F800DD340E /* Products */ = {
			isa = PBXGroup;
			children = (
				EE4FE1AC23F5F5F800DD340E /* FirebaseRealm.app */,
			);
			name = Products;
			sourceTree = "<group>";
		};
		EE4FE1AE23F5F5F800DD340E /* FirebaseRealm */ = {
			isa = PBXGroup;
			children = (
				EE4FE1AF23F5F5F800DD340E /* AppDelegate.swift */,
				EE4FE1B123F5F5F800DD340E /* SceneDelegate.swift */,
				EE4FE1B323F5F5F800DD340E /* ViewController.swift */,
				EE4FE1B523F5F5F800DD340E /* Main.storyboard */,
				EE4FE1B823F5F5F900DD340E /* Assets.xcassets */,
				EE4FE1BA23F5F5F900DD340E /* LaunchScreen.storyboard */,
				EE4FE1BD23F5F5F900DD340E /* Info.plist */,
			);
			path = FirebaseRealm;
			sourceTree = "<group>";
		};
/* End PBXGroup section */

/* Begin PBXNativeTarget section */
		EE4FE1AB23F5F5F800DD340E /* FirebaseRealm */ = {
			isa = PBXNativeTarget;
			buildConfigurationList = EE4FE1C023F5F5F900DD340E /* Build configuration list for PBXNativeTarget "FirebaseRealm" */;
			buildPhases = (
				048ACAA8D9B610D902502A4E /* [CP] Check Pods Manifest.lock */,
				EE4FE1A823F5F5F800DD340E /* Sources */,
				EE4FE1A923F5F5F800DD340E /* Frameworks */,
				EE4FE1AA23F5F5F800DD340E /* Resources */,
				6BCCA560F3C41AD9BB0B0252 /* [CP] Embed Pods Frameworks */,
			);
			buildRules = (
			);
			dependencies = (
			);
			name = FirebaseRealm;
			productName = FirebaseRealm;
			productReference = EE4FE1AC23F5F5F800DD340E /* FirebaseRealm.app */;
			productType = "com.apple.product-type.application";
		};
/* End PBXNativeTarget section */

/* Begin PBXProject section */
		EE4FE1A423F5F5F800DD340E /* Project object */ = {
			isa = PBXProject;
			attributes = {
				LastSwiftUpdateCheck = 1130;
				LastUpgradeCheck = 1130;
				ORGANIZATIONNAME = "Libranner Leonel Santos Espinal";
				TargetAttributes = {
					EE4FE1AB23F5F5F800DD340E = {
						CreatedOnToolsVersion = 11.3.1;
					};
				};
			};
			buildConfigurationList = EE4FE1A723F5F5F800DD340E /* Build configuration list for PBXProject "FirebaseRealm" */;
			compatibilityVersion = "Xcode 9.3";
			developmentRegion = en;
			hasScannedForEncodings = 0;
			knownRegions = (
				en,
				Base,
			);
			mainGroup = EE4FE1A323F5F5F800DD340E;
			productRefGroup = EE4FE1AD23F5F5F800DD340E /* Products */;
			projectDirPath = "";
			projectRoot = "";
			targets = (
				EE4FE1AB23F5F5F800DD340E /* FirebaseRealm */,
			);
		};
/* End PBXProject section */

/* Begin PBXResourcesBuildPhase section */
		EE4FE1AA23F5F5F800DD340E /* Resources */ = {
			isa = PBXResourcesBuildPhase;
			buildActionMask = 2147483647;
			files = (
				EE4FE1BC23F5F5F900DD340E /* LaunchScreen.storyboard in Resources */,
				EE4FE1B923F5F5F900DD340E /* Assets.xcassets in Resources */,
				EE4FE1B723F5F5F800DD340E /* Main.storyboard in Resources */,
			);
			runOnlyForDeploymentPostprocessing = 0;
		};
/* End PBXResourcesBuildPhase section */

/* Begin PBXShellScriptBuildPhase section */
		048ACAA8D9B610D902502A4E /* [CP] Check Pods Manifest.lock */ = {
			isa = PBXShellScriptBuildPhase;
			buildActionMask = 2147483647;
			files = (
			);
			inputFileListPaths = (
			);
			inputPaths = (
				"${PODS_PODFILE_DIR_PATH}/Podfile.lock",
				"${PODS_ROOT}/Manifest.lock",
			);
			name = "[CP] Check Pods Manifest.lock";
			outputFileListPaths = (
			);
			outputPaths = (
				"$(DERIVED_FILE_DIR)/Pods-FirebaseRealm-checkManifestLockResult.txt",
			);
			runOnlyForDeploymentPostprocessing = 0;
			shellPath = /bin/sh;
			shellScript = "diff \"${PODS_PODFILE_DIR_PATH}/Podfile.lock\" \"${PODS_ROOT}/Manifest.lock\" > /dev/null\nif [ $? != 0 ] ; then\n    # print error to STDERR\n    echo \"error: The sandbox is not in sync with the Podfile.lock. Run 'pod install' or update your CocoaPods installation.\" >&2\n    exit 1\nfi\n# This output is used by Xcode 'outputs' to avoid re-running this script phase.\necho \"SUCCESS\" > \"${SCRIPT_OUTPUT_FILE_0}\"\n";
			showEnvVarsInLog = 0;
		};
		6BCCA560F3C41AD9BB0B0252 /* [CP] Embed Pods Frameworks */ = {
			isa = PBXShellScriptBuildPhase;
			buildActionMask = 2147483647;
			files = (
			);
			inputFileListPaths = (
				"${PODS_ROOT}/Target Support Files/Pods-FirebaseRealm/Pods-FirebaseRealm-frameworks-${CONFIGURATION}-input-files.xcfilelist",
			);
			name = "[CP] Embed Pods Frameworks";
			outputFileListPaths = (
				"${PODS_ROOT}/Target Support Files/Pods-FirebaseRealm/Pods-FirebaseRealm-frameworks-${CONFIGURATION}-output-files.xcfilelist",
			);
			runOnlyForDeploymentPostprocessing = 0;
			shellPath = /bin/sh;
			shellScript = "\"${PODS_ROOT}/Target Support Files/Pods-FirebaseRealm/Pods-FirebaseRealm-frameworks.sh\"\n";
			showEnvVarsInLog = 0;
		};
/* End PBXShellScriptBuildPhase section */

/* Begin PBXSourcesBuildPhase section */
		EE4FE1A823F5F5F800DD340E /* Sources */ = {
			isa = PBXSourcesBuildPhase;
			buildActionMask = 2147483647;
			files = (
				EE4FE1B423F5F5F800DD340E /* ViewController.swift in Sources */,
				EE4FE1B023F5F5F800DD340E /* AppDelegate.swift in Sources */,
				EE4FE1B223F5F5F800DD340E /* SceneDelegate.swift in Sources */,
			);
			runOnlyForDeploymentPostprocessing = 0;
		};
/* End PBXSourcesBuildPhase section */

/* Begin PBXVariantGroup section */
		EE4FE1B523F5F5F800DD340E /* Main.storyboard */ = {
			isa = PBXVariantGroup;
			children = (
				EE4FE1B623F5F5F800DD340E /* Base */,
			);
			name = Main.storyboard;
			sourceTree = "<group>";
		};
		EE4FE1BA23F5F5F900DD340E /* LaunchScreen.storyboard */ = {
			isa = PBXVariantGroup;
			children = (
				EE4FE1BB23F5F5F900DD340E /* Base */,
			);
			name = LaunchScreen.storyboard;
			sourceTree = "<group>";
		};
/* End PBXVariantGroup section */

/* Begin XCBuildConfiguration section */
		EE4FE1BE23F5F5F900DD340E /* Debug */ = {
			isa = XCBuildConfiguration;
			buildSettings = {
				ALWAYS_SEARCH_USER_PATHS = NO;
				CLANG_ANALYZER_NONNULL = YES;
				CLANG_ANALYZER_NUMBER_OBJECT_CONVERSION = YES_AGGRESSIVE;
				CLANG_CXX_LANGUAGE_STANDARD = "gnu++14";
				CLANG_CXX_LIBRARY = "libc++";
				CLANG_ENABLE_MODULES = YES;
				CLANG_ENABLE_OBJC_ARC = YES;
				CLANG_ENABLE_OBJC_WEAK = YES;
				CLANG_WARN_BLOCK_CAPTURE_AUTORELEASING = YES;
				CLANG_WARN_BOOL_CONVERSION = YES;
				CLANG_WARN_COMMA = YES;
				CLANG_WARN_CONSTANT_CONVERSION = YES;
				CLANG_WARN_DEPRECATED_OBJC_IMPLEMENTATIONS = YES;
				CLANG_WARN_DIRECT_OBJC_ISA_USAGE = YES_ERROR;
				CLANG_WARN_DOCUMENTATION_COMMENTS = YES;
				CLANG_WARN_EMPTY_BODY = YES;
				CLANG_WARN_ENUM_CONVERSION = YES;
				CLANG_WARN_INFINITE_RECURSION = YES;
				CLANG_WARN_INT_CONVERSION = YES;
				CLANG_WARN_NON_LITERAL_NULL_CONVERSION = YES;
				CLANG_WARN_OBJC_IMPLICIT_RETAIN_SELF = YES;
				CLANG_WARN_OBJC_LITERAL_CONVERSION = YES;
				CLANG_WARN_OBJC_ROOT_CLASS = YES_ERROR;
				CLANG_WARN_RANGE_LOOP_ANALYSIS = YES;
				CLANG_WARN_STRICT_PROTOTYPES = YES;
				CLANG_WARN_SUSPICIOUS_MOVE = YES;
				CLANG_WARN_UNGUARDED_AVAILABILITY = YES_AGGRESSIVE;
				CLANG_WARN_UNREACHABLE_CODE = YES;
				CLANG_WARN__DUPLICATE_METHOD_MATCH = YES;
				COPY_PHASE_STRIP = NO;
				DEBUG_INFORMATION_FORMAT = dwarf;
				ENABLE_STRICT_OBJC_MSGSEND = YES;
				ENABLE_TESTABILITY = YES;
				GCC_C_LANGUAGE_STANDARD = gnu11;
				GCC_DYNAMIC_NO_PIC = NO;
				GCC_NO_COMMON_BLOCKS = YES;
				GCC_OPTIMIZATION_LEVEL = 0;
				GCC_PREPROCESSOR_DEFINITIONS = (
					"DEBUG=1",
					"$(inherited)",
				);
				GCC_WARN_64_TO_32_BIT_CONVERSION = YES;
				GCC_WARN_ABOUT_RETURN_TYPE = YES_ERROR;
				GCC_WARN_UNDECLARED_SELECTOR = YES;
				GCC_WARN_UNINITIALIZED_AUTOS = YES_AGGRESSIVE;
				GCC_WARN_UNUSED_FUNCTION = YES;
				GCC_WARN_UNUSED_VARIABLE = YES;
				IPHONEOS_DEPLOYMENT_TARGET = 13.2;
				MTL_ENABLE_DEBUG_INFO = INCLUDE_SOURCE;
				MTL_FAST_MATH = YES;
				ONLY_ACTIVE_ARCH = YES;
				SDKROOT = iphoneos;
				SWIFT_ACTIVE_COMPILATION_CONDITIONS = DEBUG;
				SWIFT_OPTIMIZATION_LEVEL = "-Onone";
			};
			name = Debug;
		};
		EE4FE1BF23F5F5F900DD340E /* Release */ = {
			isa = XCBuildConfiguration;
			buildSettings = {
				ALWAYS_SEARCH_USER_PATHS = NO;
				CLANG_ANALYZER_NONNULL = YES;
				CLANG_ANALYZER_NUMBER_OBJECT_CONVERSION = YES_AGGRESSIVE;
				CLANG_CXX_LANGUAGE_STANDARD = "gnu++14";
				CLANG_CXX_LIBRARY = "libc++";
				CLANG_ENABLE_MODULES = YES;
				CLANG_ENABLE_OBJC_ARC = YES;
				CLANG_ENABLE_OBJC_WEAK = YES;
				CLANG_WARN_BLOCK_CAPTURE_AUTORELEASING = YES;
				CLANG_WARN_BOOL_CONVERSION = YES;
				CLANG_WARN_COMMA = YES;
				CLANG_WARN_CONSTANT_CONVERSION = YES;
				CLANG_WARN_DEPRECATED_OBJC_IMPLEMENTATIONS = YES;
				CLANG_WARN_DIRECT_OBJC_ISA_USAGE = YES_ERROR;
				CLANG_WARN_DOCUMENTATION_COMMENTS = YES;
				CLANG_WARN_EMPTY_BODY = YES;
				CLANG_WARN_ENUM_CONVERSION = YES;
				CLANG_WARN_INFINITE_RECURSION = YES;
				CLANG_WARN_INT_CONVERSION = YES;
				CLANG_WARN_NON_LITERAL_NULL_CONVERSION = YES;
				CLANG_WARN_OBJC_IMPLICIT_RETAIN_SELF = YES;
				CLANG_WARN_OBJC_LITERAL_CONVERSION = YES;
				CLANG_WARN_OBJC_ROOT_CLASS = YES_ERROR;
				CLANG_WARN_RANGE_LOOP_ANALYSIS = YES;
				CLANG_WARN_STRICT_PROTOTYPES = YES;
				CLANG_WARN_SUSPICIOUS_MOVE = YES;
				CLANG_WARN_UNGUARDED_AVAILABILITY = YES_AGGRESSIVE;
				CLANG_WARN_UNREACHABLE_CODE = YES;
				CLANG_WARN__DUPLICATE_METHOD_MATCH = YES;
				COPY_PHASE_STRIP = NO;
				DEBUG_INFORMATION_FORMAT = "dwarf-with-dsym";
				ENABLE_NS_ASSERTIONS = NO;
				ENABLE_STRICT_OBJC_MSGSEND = YES;
				GCC_C_LANGUAGE_STANDARD = gnu11;
				GCC_NO_COMMON_BLOCKS = YES;
				GCC_WARN_64_TO_32_BIT_CONVERSION = YES;
				GCC_WARN_ABOUT_RETURN_TYPE = YES_ERROR;
				GCC_WARN_UNDECLARED_SELECTOR = YES;
				GCC_WARN_UNINITIALIZED_AUTOS = YES_AGGRESSIVE;
				GCC_WARN_UNUSED_FUNCTION = YES;
				GCC_WARN_UNUSED_VARIABLE = YES;
				IPHONEOS_DEPLOYMENT_TARGET = 13.2;
				MTL_ENABLE_DEBUG_INFO = NO;
				MTL_FAST_MATH = YES;
				SDKROOT = iphoneos;
				SWIFT_COMPILATION_MODE = wholemodule;
				SWIFT_OPTIMIZATION_LEVEL = "-O";
				VALIDATE_PRODUCT = YES;
			};
			name = Release;
		};
		EE4FE1C123F5F5F900DD340E /* Debug */ = {
			isa = XCBuildConfiguration;
			baseConfigurationReference = 2896E4A88D540E7F659546D0 /* Pods-FirebaseRealm.debug.xcconfig */;
			buildSettings = {
				ASSETCATALOG_COMPILER_APPICON_NAME = AppIcon;
				CODE_SIGN_STYLE = Automatic;
				DEVELOPMENT_TEAM = KH7D2YUBPG;
				INFOPLIST_FILE = FirebaseRealm/Info.plist;
				LD_RUNPATH_SEARCH_PATHS = (
					"$(inherited)",
					"@executable_path/Frameworks",
				);
				PRODUCT_BUNDLE_IDENTIFIER = com.libranner.FirebaseRealm;
				PRODUCT_NAME = "$(TARGET_NAME)";
				SWIFT_VERSION = 5.0;
				TARGETED_DEVICE_FAMILY = "1,2";
			};
			name = Debug;
		};
		EE4FE1C223F5F5F900DD340E /* Release */ = {
			isa = XCBuildConfiguration;
			baseConfigurationReference = E8561417074E00A3A29F4955 /* Pods-FirebaseRealm.release.xcconfig */;
			buildSettings = {
				ASSETCATALOG_COMPILER_APPICON_NAME = AppIcon;
				CODE_SIGN_STYLE = Automatic;
				DEVELOPMENT_TEAM = KH7D2YUBPG;
				INFOPLIST_FILE = FirebaseRealm/Info.plist;
				LD_RUNPATH_SEARCH_PATHS = (
					"$(inherited)",
					"@executable_path/Frameworks",
				);
				PRODUCT_BUNDLE_IDENTIFIER = com.libranner.FirebaseRealm;
				PRODUCT_NAME = "$(TARGET_NAME)";
				SWIFT_VERSION = 5.0;
				TARGETED_DEVICE_FAMILY = "1,2";
			};
			name = Release;
		};
/* End XCBuildConfiguration section */

/* Begin XCConfigurationList section */
		EE4FE1A723F5F5F800DD340E /* Build configuration list for PBXProject "FirebaseRealm" */ = {
			isa = XCConfigurationList;
			buildConfigurations = (
				EE4FE1BE23F5F5F900DD340E /* Debug */,
				EE4FE1BF23F5F5F900DD340E /* Release */,
			);
			defaultConfigurationIsVisible = 0;
			defaultConfigurationName = Release;
		};
		EE4FE1C023F5F5F900DD340E /* Build configuration list for PBXNativeTarget "FirebaseRealm" */ = {
			isa = XCConfigurationList;
			buildConfigurations = (
				EE4FE1C123F5F5F900DD340E /* Debug */,
				EE4FE1C223F5F5F900DD340E /* Release */,
			);
			defaultConfigurationIsVisible = 0;
			defaultConfigurationName = Release;
		};
/* End XCConfigurationList section */
	};
	rootObject = EE4FE1A423F5F5F800DD340E /* Project object */;
}
